<?xml version="1.0" encoding="utf-8"?>
<Project ToolsVersion="4.0" xmlns="http://schemas.microsoft.com/developer/msbuild/2003">
  <ItemGroup>
    <Filter Include="00.System">
      <UniqueIdentifier>{0cbbfe42-8a9f-463c-b59a-0e2354acf2db}</UniqueIdentifier>
    </Filter>
    <Filter Include="01.Utility">
      <UniqueIdentifier>{9962f3df-bf41-4445-bc20-56853d147b9a}</UniqueIdentifier>
    </Filter>
    <Filter Include="01.Utility\99.SuperClass">
      <UniqueIdentifier>{b1fa8c41-7d9f-40d0-bbd9-5340a41f7038}</UniqueIdentifier>
    </Filter>
    <Filter Include="99.Defines">
      <UniqueIdentifier>{f61a4153-8e74-4d57-9e6a-ef7c388bf5f8}</UniqueIdentifier>
    </Filter>
    <Filter Include="00.System\Timers">
      <UniqueIdentifier>{ec92c66d-7748-4e0a-ba2c-e3fb73fcdfbc}</UniqueIdentifier>
    </Filter>
    <Filter Include="00.System\Timers\Manager">
      <UniqueIdentifier>{26564492-1ab1-42ce-adff-7d751cc9bd47}</UniqueIdentifier>
    </Filter>
    <Filter Include="01.Utility\00.GameInstance">
      <UniqueIdentifier>{9930e6e6-7ffe-419f-9b41-b197856a430c}</UniqueIdentifier>
    </Filter>
    <Filter Include="00.System\Device">
      <UniqueIdentifier>{7ac4177a-8e79-4339-80b7-7b0bf25ff5b0}</UniqueIdentifier>
    </Filter>
    <Filter Include="00.System\Device\Graphic">
      <UniqueIdentifier>{194ebabe-6f74-46c3-9d0c-0b7e57b589f3}</UniqueIdentifier>
    </Filter>
    <Filter Include="01.Utility\98.AbstractFactory">
      <UniqueIdentifier>{272e3229-eaff-4b33-bb96-b3a1685d9faf}</UniqueIdentifier>
    </Filter>
    <Filter Include="01.Utility\01. Level">
      <UniqueIdentifier>{fe223e17-60a8-496d-a732-c47b6d00b5c1}</UniqueIdentifier>
    </Filter>
    <Filter Include="01.Utility\01. Level\Manager">
      <UniqueIdentifier>{026e5c76-89b0-493b-83af-e9a7568d6ddc}</UniqueIdentifier>
    </Filter>
    <Filter Include="01.Utility\02. Prototype">
      <UniqueIdentifier>{88fea85d-6bec-424b-8366-417734915cfb}</UniqueIdentifier>
    </Filter>
    <Filter Include="01.Utility\04. Component">
      <UniqueIdentifier>{6f7e760a-3255-4d10-93f6-e8048d17fbc8}</UniqueIdentifier>
    </Filter>
    <Filter Include="01.Utility\03. GameObjects">
      <UniqueIdentifier>{f85a78ff-a3a9-42e3-87a9-86b175c2ec8b}</UniqueIdentifier>
    </Filter>
    <Filter Include="01.Utility\03. GameObjects\Manager">
      <UniqueIdentifier>{0cb3988e-fa00-46c9-a474-f2c481eb30a6}</UniqueIdentifier>
    </Filter>
    <Filter Include="01.Utility\03. GameObjects\Manager\Layers">
      <UniqueIdentifier>{c0d18d7b-2f65-4d54-8d41-de9e2db9a6c5}</UniqueIdentifier>
    </Filter>
    <Filter Include="01.Utility\03. GameObjects\UIObject">
      <UniqueIdentifier>{e97c1dba-a312-4b32-a8c5-2ff819489bb1}</UniqueIdentifier>
    </Filter>
    <Filter Include="01.Utility\05.Renderer">
      <UniqueIdentifier>{10ae064d-1c87-4d24-a92e-8ff1a719b1f5}</UniqueIdentifier>
    </Filter>
    <Filter Include="01.Utility\04. Component\Texture">
      <UniqueIdentifier>{0ba362be-5615-46d4-aea8-a1f5d0f07371}</UniqueIdentifier>
    </Filter>
  </ItemGroup>
  <ItemGroup>
    <ClInclude Include="..\Public\Base.h">
      <Filter>01.Utility\99.SuperClass</Filter>
    </ClInclude>
    <ClInclude Include="..\Public\Engine_Defines.h">
      <Filter>99.Defines</Filter>
    </ClInclude>
    <ClInclude Include="..\Public\Engine_Macro.h">
      <Filter>99.Defines</Filter>
    </ClInclude>
    <ClInclude Include="..\Public\Engine_Struct.h">
      <Filter>99.Defines</Filter>
    </ClInclude>
    <ClInclude Include="..\Public\Engine_Typedef.h">
      <Filter>99.Defines</Filter>
    </ClInclude>
    <ClInclude Include="..\Public\Engine_Enum.h">
      <Filter>99.Defines</Filter>
    </ClInclude>
    <ClInclude Include="..\Public\Engine_Function.h">
      <Filter>99.Defines</Filter>
    </ClInclude>
    <ClInclude Include="..\Public\Timer_Manager.h">
      <Filter>00.System\Timers\Manager</Filter>
    </ClInclude>
    <ClInclude Include="..\Public\Timer.h">
      <Filter>00.System\Timers</Filter>
    </ClInclude>
    <ClInclude Include="..\Public\Graphic_Device.h">
      <Filter>00.System\Device\Graphic</Filter>
    </ClInclude>
    <ClInclude Include="..\Public\AbstractFactory.h">
      <Filter>01.Utility\98.AbstractFactory</Filter>
    </ClInclude>
    <ClInclude Include="..\Public\Level.h">
      <Filter>01.Utility\01. Level</Filter>
    </ClInclude>
    <ClInclude Include="클래스 정의.h">
      <Filter>99.Defines</Filter>
    </ClInclude>
    <ClInclude Include="..\Public\GameInstance.h">
      <Filter>01.Utility\00.GameInstance</Filter>
    </ClInclude>
    <ClInclude Include="..\Public\Level_Manager.h">
      <Filter>01.Utility\01. Level\Manager</Filter>
    </ClInclude>
    <ClInclude Include="..\Public\Prototype.h">
      <Filter>01.Utility\02. Prototype</Filter>
    </ClInclude>
    <ClInclude Include="..\Public\GameObject.h">
      <Filter>01.Utility\03. GameObjects</Filter>
    </ClInclude>
    <ClInclude Include="..\Public\Component.h">
      <Filter>01.Utility\04. Component</Filter>
    </ClInclude>
    <ClInclude Include="..\Public\Object_Manager.h">
      <Filter>01.Utility\03. GameObjects\Manager</Filter>
    </ClInclude>
    <ClInclude Include="..\Public\Layer.h">
      <Filter>01.Utility\03. GameObjects\Manager\Layers</Filter>
    </ClInclude>
    <ClInclude Include="..\Public\UIObject.h">
      <Filter>01.Utility\03. GameObjects\UIObject</Filter>
    </ClInclude>
    <ClInclude Include="..\Public\Renderer.h">
      <Filter>01.Utility\05.Renderer</Filter>
    </ClInclude>
    <ClInclude Include="..\Public\Texture.h">
      <Filter>01.Utility\04. Component\Texture</Filter>
    </ClInclude>
  </ItemGroup>
  <ItemGroup>
    <ClCompile Include="..\Private\Base.cpp">
      <Filter>01.Utility\99.SuperClass</Filter>
    </ClCompile>
    <ClCompile Include="..\Private\Timer_Manager.cpp">
      <Filter>00.System\Timers\Manager</Filter>
    </ClCompile>
    <ClCompile Include="..\Private\Timer.cpp">
      <Filter>00.System\Timers</Filter>
    </ClCompile>
    <ClCompile Include="..\Private\Graphic_Device.cpp">
      <Filter>00.System\Device\Graphic</Filter>
    </ClCompile>
    <ClCompile Include="..\Private\Level.cpp">
      <Filter>01.Utility\01. Level</Filter>
    </ClCompile>
    <ClCompile Include="..\Private\GameInstance.cpp">
      <Filter>01.Utility\00.GameInstance</Filter>
    </ClCompile>
    <ClCompile Include="..\Private\Level_Manager.cpp">
      <Filter>01.Utility\01. Level\Manager</Filter>
    </ClCompile>
    <ClCompile Include="..\Private\Prototype.cpp">
      <Filter>01.Utility\02. Prototype</Filter>
    </ClCompile>
    <ClCompile Include="..\Private\GameObject.cpp">
      <Filter>01.Utility\03. GameObjects</Filter>
    </ClCompile>
    <ClCompile Include="..\Private\Component.cpp">
      <Filter>01.Utility\04. Component</Filter>
    </ClCompile>
    <ClCompile Include="..\Private\Object_Manager.cpp">
      <Filter>01.Utility\03. GameObjects\Manager</Filter>
    </ClCompile>
    <ClCompile Include="..\Private\Layer.cpp">
      <Filter>01.Utility\03. GameObjects\Manager\Layers</Filter>
    </ClCompile>
    <ClCompile Include="..\Private\UIObject.cpp">
      <Filter>01.Utility\03. GameObjects\UIObject</Filter>
    </ClCompile>
    <ClCompile Include="..\Private\Renderer.cpp">
      <Filter>01.Utility\05.Renderer</Filter>
    </ClCompile>
    <ClCompile Include="..\Private\Texture.cpp">
      <Filter>01.Utility\04. Component\Texture</Filter>
    </ClCompile>
  </ItemGroup>
</Project>