<?xml version="1.0" encoding="utf-8"?>
<Project ToolsVersion="4.0" xmlns="http://schemas.microsoft.com/developer/msbuild/2003">
  <ItemGroup>
    <Filter Include="99.Defines">
      <UniqueIdentifier>{66499aac-c089-494d-a74c-cdb7fe3a56cd}</UniqueIdentifier>
    </Filter>
    <Filter Include="98.Default">
      <UniqueIdentifier>{b5fe8455-876d-4cdc-9531-fc6a925f04f8}</UniqueIdentifier>
    </Filter>
    <Filter Include="00.MainApp">
      <UniqueIdentifier>{901c28b9-8373-4685-b86b-e50f923de9f7}</UniqueIdentifier>
    </Filter>
    <Filter Include="01.Levels">
      <UniqueIdentifier>{871ffb50-39b5-4d43-8eed-0fe42e17899e}</UniqueIdentifier>
    </Filter>
    <Filter Include="01.Levels\Logo">
      <UniqueIdentifier>{178b38f7-4247-4e38-9f58-b3344500762f}</UniqueIdentifier>
    </Filter>
    <Filter Include="01.Levels\GamePlay">
      <UniqueIdentifier>{3e591880-adba-4f13-b768-efb46b5187d9}</UniqueIdentifier>
    </Filter>
    <Filter Include="01.Levels\Loading">
      <UniqueIdentifier>{06d8b528-5b69-43c0-a04c-2ba4869ae7dc}</UniqueIdentifier>
    </Filter>
    <Filter Include="01.Levels\Loading\Loader">
      <UniqueIdentifier>{50af7edd-4552-4415-b160-0b21d1b4df71}</UniqueIdentifier>
    </Filter>
    <Filter Include="02.GameObjects">
      <UniqueIdentifier>{a6ed7593-0c50-4cf1-b5c6-781094348d17}</UniqueIdentifier>
    </Filter>
    <Filter Include="02.GameObjects\BackGround">
      <UniqueIdentifier>{de7f00ab-56ae-4106-bdf5-66965c65ef26}</UniqueIdentifier>
    </Filter>
    <Filter Include="97.ShaderFiles">
      <UniqueIdentifier>{86b2e46b-3ea4-4cbe-b18b-7aac2c9a0eaa}</UniqueIdentifier>
    </Filter>
    <Filter Include="02.GameObjects\Player">
      <UniqueIdentifier>{13ed6a6f-8217-4ab3-a2f4-b0622dcb94e2}</UniqueIdentifier>
    </Filter>
    <Filter Include="02.GameObjects\Player\States">
      <UniqueIdentifier>{911da6e8-64db-42df-9845-39a53d006a92}</UniqueIdentifier>
    </Filter>
    <Filter Include="02.GameObjects\Monster">
      <UniqueIdentifier>{1cc66d14-3059-4d15-923c-cefd99387098}</UniqueIdentifier>
    </Filter>
    <Filter Include="01.Levels\Menu">
      <UniqueIdentifier>{4bb641bb-efd7-400f-ab05-70b36082e136}</UniqueIdentifier>
    </Filter>
    <Filter Include="02.GameObjects\Terrain">
      <UniqueIdentifier>{4f73d9e3-1950-4eba-8996-1b2a3576fb31}</UniqueIdentifier>
    </Filter>
    <Filter Include="02.GameObjects\Camera">
      <UniqueIdentifier>{67c0cc21-4cc1-475b-bbaf-056b4c8af171}</UniqueIdentifier>
    </Filter>
    <Filter Include="02.GameObjects\Player\Body">
      <UniqueIdentifier>{97d04911-b95d-4cc4-a651-f26c2c6f4b4c}</UniqueIdentifier>
    </Filter>
    <Filter Include="02.GameObjects\Player\Weapon">
      <UniqueIdentifier>{c68ee220-913f-4c35-bb59-0954470ccdc5}</UniqueIdentifier>
    </Filter>
    <Filter Include="02.GameObjects\Camera\Free">
      <UniqueIdentifier>{bfe9057b-f981-4a38-bdbc-938ff585fcef}</UniqueIdentifier>
    </Filter>
    <Filter Include="02.GameObjects\Camera\ThridPerson">
      <UniqueIdentifier>{e154e523-bcd0-42ee-8098-1191dfc62c56}</UniqueIdentifier>
    </Filter>
    <Filter Include="02.GameObjects\Sky">
      <UniqueIdentifier>{2bfe7fa5-8490-4a05-aaad-0d8ee9c6d899}</UniqueIdentifier>
    </Filter>
    <Filter Include="02.GameObjects\Player\Strife">
      <UniqueIdentifier>{64ce13b7-e8c1-4a66-9412-df75e64da80e}</UniqueIdentifier>
    </Filter>
    <Filter Include="02.GameObjects\Player\Strife\Idle">
      <UniqueIdentifier>{b7da6e83-5475-4c5c-97f7-20456349529a}</UniqueIdentifier>
    </Filter>
    <Filter Include="02.GameObjects\Player\Strife\Run">
      <UniqueIdentifier>{82a13a66-11b4-47f6-b3f0-201c08065f6a}</UniqueIdentifier>
    </Filter>
    <Filter Include="02.GameObjects\Player\Strife\Dash">
      <UniqueIdentifier>{ce33b41e-98db-413e-94f4-4ed041b83310}</UniqueIdentifier>
    </Filter>
    <Filter Include="02.GameObjects\Player\Strife\Shoot">
      <UniqueIdentifier>{f3b88ed7-d382-48d9-857d-8e75a194c244}</UniqueIdentifier>
    </Filter>
    <Filter Include="02.GameObjects\Player\Weapon\Gun_Left">
      <UniqueIdentifier>{a099c047-8671-448a-9db8-b39c6ccbff81}</UniqueIdentifier>
    </Filter>
    <Filter Include="02.GameObjects\Player\Weapon\Gun_Right">
      <UniqueIdentifier>{a9d74021-a861-4a8b-bc24-081fa66c07d5}</UniqueIdentifier>
    </Filter>
    <Filter Include="02.GameObjects\Player\States\TemPlate">
      <UniqueIdentifier>{5f89e5c7-36f9-424c-b62d-eb33822585f8}</UniqueIdentifier>
    </Filter>
    <Filter Include="02.GameObjects\Player\States\PlayerKey_State">
      <UniqueIdentifier>{bb5f00c7-34ee-4ae5-b167-0be8f1e0ed51}</UniqueIdentifier>
    </Filter>
    <Filter Include="02.GameObjects\Map_Object">
      <UniqueIdentifier>{4269b7f8-3259-4824-8a04-febe5eb6a377}</UniqueIdentifier>
    </Filter>
    <Filter Include="02.GameObjects\Player\Weapon\Bullet">
      <UniqueIdentifier>{cf645e81-3036-45ce-97fa-52085ba4694b}</UniqueIdentifier>
    </Filter>
    <Filter Include="02.GameObjects\Instancing">
      <UniqueIdentifier>{e534ec76-a309-4819-9e61-54818ddd6093}</UniqueIdentifier>
    </Filter>
    <Filter Include="02.GameObjects\Instancing\Snow">
      <UniqueIdentifier>{5ea669f2-b24c-4d1b-9c36-6c990d23e73d}</UniqueIdentifier>
    </Filter>
    <Filter Include="02.GameObjects\Monster\00. MonsterList">
      <UniqueIdentifier>{c7e5f244-25ad-4498-8bc1-012013877883}</UniqueIdentifier>
    </Filter>
    <Filter Include="02.GameObjects\Monster\00. MonsterList\Ghoul">
      <UniqueIdentifier>{56530810-5c29-46bc-9034-90f6a71fc1bd}</UniqueIdentifier>
    </Filter>
    <Filter Include="02.GameObjects\Monster\States">
      <UniqueIdentifier>{827d9342-792b-4763-8db2-9d36d5a1ad73}</UniqueIdentifier>
    </Filter>
    <Filter Include="02.GameObjects\Monster\States\Base">
      <UniqueIdentifier>{05fd5636-3848-4fab-a561-0f54ce8099f5}</UniqueIdentifier>
    </Filter>
    <Filter Include="02.GameObjects\Monster\States\Idle">
      <UniqueIdentifier>{e2d96590-e887-4b1c-a0cd-6d8ad36e4221}</UniqueIdentifier>
    </Filter>
    <Filter Include="02.GameObjects\Monster\States\Hit">
      <UniqueIdentifier>{87b2bce9-12c9-47d9-a8c2-ba5ce741f971}</UniqueIdentifier>
    </Filter>
    <Filter Include="02.GameObjects\Monster\States\Avoid">
      <UniqueIdentifier>{3f9e2f2f-3d3a-4fec-820d-1804bc486037}</UniqueIdentifier>
    </Filter>
    <Filter Include="02.GameObjects\Monster\States\Attrack">
      <UniqueIdentifier>{616d3b55-0984-4efc-9e17-7789c7a3c0cb}</UniqueIdentifier>
    </Filter>
    <Filter Include="02.GameObjects\Monster\States\Dead">
      <UniqueIdentifier>{b99d31af-7a5e-41a3-aef1-49bcc0f7574e}</UniqueIdentifier>
    </Filter>
    <Filter Include="02.GameObjects\Monster\States\Search">
      <UniqueIdentifier>{87dad47b-6209-4d1e-8e51-ea1586fdbe56}</UniqueIdentifier>
    </Filter>
    <Filter Include="02.GameObjects\Monster\States\MonsterState_Trace">
      <UniqueIdentifier>{c4bfcfaf-e7b0-4561-a8c3-07a26bb09830}</UniqueIdentifier>
    </Filter>
    <Filter Include="02.GameObjects\Monster\Part">
      <UniqueIdentifier>{fe046612-f5bf-4a14-82f1-1f7cc9cbc3a9}</UniqueIdentifier>
    </Filter>
    <Filter Include="02.GameObjects\Monster\Part\Fist">
      <UniqueIdentifier>{94b9fdb6-71bf-4717-95c9-3be827b3153c}</UniqueIdentifier>
    </Filter>
    <Filter Include="02.GameObjects\Monster\Part\Fist\FIst_Left">
      <UniqueIdentifier>{c7d0e2e2-fac3-435f-9899-78caf7f728cd}</UniqueIdentifier>
    </Filter>
    <Filter Include="02.GameObjects\Monster\Part\Fist\Fist_Right.h">
      <UniqueIdentifier>{aa45a8d4-9f2e-45ef-bcb4-2dce82ea7177}</UniqueIdentifier>
    </Filter>
    <Filter Include="02.GameObjects\Monster\00. MonsterList\Moloch">
      <UniqueIdentifier>{9aaf2cdd-e8b9-4054-b315-0213c919347d}</UniqueIdentifier>
    </Filter>
    <Filter Include="03.Component">
      <UniqueIdentifier>{d97cb6ac-f269-4b2b-82d4-c3fb183eb8a5}</UniqueIdentifier>
    </Filter>
    <Filter Include="03.Component\Status">
      <UniqueIdentifier>{add3fd4d-7f46-4e03-9b90-1564c18b0cfc}</UniqueIdentifier>
    </Filter>
    <Filter Include="02.GameObjects\Monster\States\Attrack\Attack_Patterns">
      <UniqueIdentifier>{f3a05032-d94f-484a-b023-2f40f8ff0e0c}</UniqueIdentifier>
    </Filter>
    <Filter Include="03.Component\Attack">
      <UniqueIdentifier>{a73048da-ddd0-425a-b41e-d6d108983a84}</UniqueIdentifier>
    </Filter>
    <Filter Include="02.GameObjects\Monster\States\Attrack\Attack_Patterns\Ghoul">
      <UniqueIdentifier>{06e17100-b493-4346-b866-770c24b5613f}</UniqueIdentifier>
    </Filter>
    <Filter Include="02.GameObjects\Monster\States\Attrack\Attack_Patterns\Moloch">
      <UniqueIdentifier>{86cafc10-ae52-4dc7-8826-cb7328af960b}</UniqueIdentifier>
    </Filter>
    <Filter Include="02.GameObjects\Monster\Test_Monster">
      <UniqueIdentifier>{f3600126-3c19-47a1-9496-bd2f6a8963f4}</UniqueIdentifier>
    </Filter>
    <Filter Include="02.GameObjects\Monster\States\LookOut">
      <UniqueIdentifier>{510942b3-6429-4eac-ac14-6f146d4423cd}</UniqueIdentifier>
    </Filter>
    <Filter Include="02.GameObjects\Monster\States\Attrack\Attack_Patterns\Ghoul\DoubleSwipe">
      <UniqueIdentifier>{a84ecaa8-6223-4a94-902b-54a7b30a440e}</UniqueIdentifier>
    </Filter>
    <Filter Include="02.GameObjects\Monster\States\Attrack\Attack_Patterns\Ghoul\Flurry">
      <UniqueIdentifier>{ca45b31d-97ca-4cb7-ae3e-156dee6c6cca}</UniqueIdentifier>
    </Filter>
    <Filter Include="02.GameObjects\Monster\States\Attrack\Attack_Patterns\Ghoul\Leaf">
      <UniqueIdentifier>{b3d1ab62-60fc-40bc-9914-2167904b75d9}</UniqueIdentifier>
    </Filter>
    <Filter Include="02.GameObjects\Monster\States\Attrack\Attack_Patterns\Moloch\Swipe">
      <UniqueIdentifier>{91fe91d5-f17d-42fe-b5c2-d069c7e26087}</UniqueIdentifier>
    </Filter>
    <Filter Include="02.GameObjects\Monster\States\Attrack\Attack_Patterns\Moloch\Swing">
      <UniqueIdentifier>{41dfed1b-e553-4a58-9c04-325e20b07825}</UniqueIdentifier>
    </Filter>
    <Filter Include="02.GameObjects\Monster\Body">
      <UniqueIdentifier>{a846b894-3f41-4280-bc90-b4be269703de}</UniqueIdentifier>
    </Filter>
    <Filter Include="02.GameObjects\Monster\Body\Ghoul">
      <UniqueIdentifier>{82af4ca7-447c-459a-9e3f-720612e0e913}</UniqueIdentifier>
    </Filter>
    <Filter Include="02.GameObjects\Monster\Body\Moloch">
      <UniqueIdentifier>{198d8f64-3fbe-4b03-b272-7f3e3c9bf8ea}</UniqueIdentifier>
    </Filter>
    <Filter Include="02.GameObjects\Monster\Body\Dog">
      <UniqueIdentifier>{862c73dd-5779-4f13-a9a5-a2383493a1fd}</UniqueIdentifier>
    </Filter>
    <Filter Include="02.GameObjects\Monster\00. MonsterList\Dog">
      <UniqueIdentifier>{2c0ceece-cb27-4112-9714-1b07e736a75b}</UniqueIdentifier>
    </Filter>
    <Filter Include="02.GameObjects\Monster\States\Attrack\Attack_Patterns\FallenDog">
      <UniqueIdentifier>{12e92110-f71b-435a-a713-2bc3186f4426}</UniqueIdentifier>
    </Filter>
    <Filter Include="02.GameObjects\Monster\States\Attrack\Attack_Patterns\FallenDog\3Combo">
      <UniqueIdentifier>{28d7d41f-46d2-45c5-a107-6a9f280b362f}</UniqueIdentifier>
    </Filter>
    <Filter Include="02.GameObjects\Monster\States\Attrack\Attack_Patterns\FallenDog\GroundSlam">
      <UniqueIdentifier>{05f33cb4-870c-4a61-b8a7-c6bd132cd8b8}</UniqueIdentifier>
    </Filter>
    <Filter Include="02.GameObjects\Monster\States\Attrack\Attack_Patterns\FallenDog\Slash">
      <UniqueIdentifier>{4c49329e-2047-4832-907d-e7e48d125a12}</UniqueIdentifier>
    </Filter>
    <Filter Include="02.GameObjects\Monster\00. MonsterList\Moloch\Weapons">
      <UniqueIdentifier>{5d04a868-7ca0-4bb5-a8c8-3149de7d4cf6}</UniqueIdentifier>
    </Filter>
    <Filter Include="02.GameObjects\Monster\00. MonsterList\Moloch\Weapons\Moloch_Sword">
      <UniqueIdentifier>{9e4c7d85-f858-4cb2-9e5f-7a8185bc6987}</UniqueIdentifier>
    </Filter>
    <Filter Include="02.GameObjects\Monster\00. MonsterList\Moloch\Weapons\Crystal">
      <UniqueIdentifier>{94888632-40ce-4553-bcc6-ad0e5fcf45fb}</UniqueIdentifier>
    </Filter>
  </ItemGroup>
  <ItemGroup>
    <ClInclude Include="Client.h">
      <Filter>98.Default</Filter>
    </ClInclude>
    <ClInclude Include="framework.h">
      <Filter>98.Default</Filter>
    </ClInclude>
    <ClInclude Include="Resource.h">
      <Filter>98.Default</Filter>
    </ClInclude>
    <ClInclude Include="targetver.h">
      <Filter>98.Default</Filter>
    </ClInclude>
    <ClInclude Include="..\Public\Client_Defines.h">
      <Filter>99.Defines</Filter>
    </ClInclude>
    <ClInclude Include="..\Public\Level_GamePlay.h">
      <Filter>01.Levels\GamePlay</Filter>
    </ClInclude>
    <ClInclude Include="..\Public\Level_Logo.h">
      <Filter>01.Levels\Logo</Filter>
    </ClInclude>
    <ClInclude Include="..\Public\Level_Loading.h">
      <Filter>01.Levels\Loading</Filter>
    </ClInclude>
    <ClInclude Include="..\Public\Loader.h">
      <Filter>01.Levels\Loading\Loader</Filter>
    </ClInclude>
    <ClInclude Include="..\Public\BackGround.h">
      <Filter>02.GameObjects\BackGround</Filter>
    </ClInclude>
    <ClInclude Include="..\Public\Level_Menu.h">
      <Filter>01.Levels\Menu</Filter>
    </ClInclude>
    <ClInclude Include="..\Public\Monster.h">
      <Filter>02.GameObjects\Monster</Filter>
    </ClInclude>
    <ClInclude Include="..\Public\Terrain.h">
      <Filter>02.GameObjects\Terrain</Filter>
    </ClInclude>
    <ClInclude Include="..\Public\Player.h">
      <Filter>02.GameObjects\Player</Filter>
    </ClInclude>
    <ClInclude Include="..\Public\Body_Player.h">
      <Filter>02.GameObjects\Player\Body</Filter>
    </ClInclude>
    <ClInclude Include="..\Public\Weapon.h">
      <Filter>02.GameObjects\Player\Weapon</Filter>
    </ClInclude>
    <ClInclude Include="..\Public\Camera_Free.h">
      <Filter>02.GameObjects\Camera\Free</Filter>
    </ClInclude>
    <ClInclude Include="..\Public\TP_Camera.h">
      <Filter>02.GameObjects\Camera\ThridPerson</Filter>
    </ClInclude>
    <ClInclude Include="..\Public\Const_Key.h">
      <Filter>99.Defines</Filter>
    </ClInclude>
    <ClInclude Include="..\Public\Sky.h">
      <Filter>02.GameObjects\Sky</Filter>
    </ClInclude>
    <ClInclude Include="..\Public\StrifeState_Idle.h">
      <Filter>02.GameObjects\Player\Strife\Idle</Filter>
    </ClInclude>
    <ClInclude Include="..\Public\StrifeState_Run.h">
      <Filter>02.GameObjects\Player\Strife\Run</Filter>
    </ClInclude>
    <ClInclude Include="..\Public\StrifeState_Dash.h">
      <Filter>02.GameObjects\Player\Strife\Dash</Filter>
    </ClInclude>
    <ClInclude Include="..\Public\StrifeState_Shoot.h">
      <Filter>02.GameObjects\Player\Strife\Shoot</Filter>
    </ClInclude>
    <ClInclude Include="..\Public\Gun_Left.h">
      <Filter>02.GameObjects\Player\Weapon\Gun_Left</Filter>
    </ClInclude>
    <ClInclude Include="..\Public\Gun_Right.h">
      <Filter>02.GameObjects\Player\Weapon\Gun_Right</Filter>
    </ClInclude>
    <ClInclude Include="..\Public\PlayerState_Test.h">
      <Filter>02.GameObjects\Player\States\TemPlate</Filter>
    </ClInclude>
    <ClInclude Include="..\Public\Player_KeyState.h">
      <Filter>02.GameObjects\Player\States\PlayerKey_State</Filter>
    </ClInclude>
    <ClInclude Include="..\Public\Map_Object.h">
      <Filter>02.GameObjects\Map_Object</Filter>
    </ClInclude>
    <ClInclude Include="..\Public\Bullet.h">
      <Filter>02.GameObjects\Player\Weapon\Bullet</Filter>
    </ClInclude>
    <ClInclude Include="..\Public\Snow.h">
      <Filter>02.GameObjects\Instancing\Snow</Filter>
    </ClInclude>
    <ClInclude Include="..\Public\MainApp.h">
      <Filter>00.MainApp</Filter>
    </ClInclude>
    <ClInclude Include="..\Public\MonsterState_Base.h">
      <Filter>02.GameObjects\Monster\States\Base</Filter>
    </ClInclude>
    <ClInclude Include="..\Public\MonsterState_Idle.h">
      <Filter>02.GameObjects\Monster\States\Idle</Filter>
    </ClInclude>
    <ClInclude Include="..\Public\Ghoul.h">
      <Filter>02.GameObjects\Monster\00. MonsterList\Ghoul</Filter>
    </ClInclude>
    <ClInclude Include="..\Public\MonsterState_Hit.h">
      <Filter>02.GameObjects\Monster\States\Hit</Filter>
    </ClInclude>
    <ClInclude Include="..\Public\MonsterState_Avoid.h">
      <Filter>02.GameObjects\Monster\States\Avoid</Filter>
    </ClInclude>
    <ClInclude Include="..\Public\MonsterState_Attack.h">
      <Filter>02.GameObjects\Monster\States\Attrack</Filter>
    </ClInclude>
    <ClInclude Include="..\Public\MonsterState_Dead.h">
      <Filter>02.GameObjects\Monster\States\Dead</Filter>
    </ClInclude>
    <ClInclude Include="..\Public\MonsterState_Search.h">
      <Filter>02.GameObjects\Monster\States\Search</Filter>
    </ClInclude>
    <ClInclude Include="..\Public\MonsterState_Trace.h">
      <Filter>02.GameObjects\Monster\States\MonsterState_Trace</Filter>
    </ClInclude>
    <ClInclude Include="..\Public\Fist_Left.h">
      <Filter>02.GameObjects\Monster\Part\Fist\FIst_Left</Filter>
    </ClInclude>
    <ClInclude Include="..\Public\Fist_Right.h">
      <Filter>02.GameObjects\Monster\Part\Fist\Fist_Right.h</Filter>
    </ClInclude>
    <ClInclude Include="..\Public\Body_Ghoul.h">
      <Filter>02.GameObjects\Monster\Body\Ghoul</Filter>
    </ClInclude>
    <ClInclude Include="..\Public\Body_Monster.h">
      <Filter>02.GameObjects\Monster\Body</Filter>
    </ClInclude>
    <ClInclude Include="..\Public\Moloch.h">
      <Filter>02.GameObjects\Monster\00. MonsterList\Moloch</Filter>
    </ClInclude>
    <ClInclude Include="..\Public\Body_Moloch.h">
      <Filter>02.GameObjects\Monster\Body\Moloch</Filter>
    </ClInclude>
    <ClInclude Include="..\Public\Moloch_Sword.h">
      <Filter>02.GameObjects\Monster\00. MonsterList\Moloch\Weapons\Moloch_Sword</Filter>
    </ClInclude>
    <ClInclude Include="..\Public\Status.h">
      <Filter>03.Component\Status</Filter>
    </ClInclude>
    <ClInclude Include="..\Public\Attack_Base.h">
      <Filter>02.GameObjects\Monster\States\Attrack\Attack_Patterns</Filter>
    </ClInclude>
    <ClInclude Include="..\Public\Attack.h">
      <Filter>03.Component\Attack</Filter>
    </ClInclude>
    <ClInclude Include="..\Public\Test_Monster.h">
      <Filter>02.GameObjects\Monster\Test_Monster</Filter>
    </ClInclude>
    <ClInclude Include="..\Public\MonsterState_LookOut.h">
      <Filter>02.GameObjects\Monster\States\LookOut</Filter>
    </ClInclude>
    <ClInclude Include="..\Public\GhoulAttack_Flurry.h">
      <Filter>02.GameObjects\Monster\States\Attrack\Attack_Patterns\Ghoul\Flurry</Filter>
    </ClInclude>
    <ClInclude Include="..\Public\GhoulAttack_DoubleSwipe.h">
      <Filter>02.GameObjects\Monster\States\Attrack\Attack_Patterns\Ghoul\DoubleSwipe</Filter>
    </ClInclude>
    <ClInclude Include="..\Public\GhoulAttack_Leaf.h">
      <Filter>02.GameObjects\Monster\States\Attrack\Attack_Patterns\Ghoul\Leaf</Filter>
    </ClInclude>
    <ClInclude Include="..\Public\MolochAttack_Swing.h">
      <Filter>02.GameObjects\Monster\States\Attrack\Attack_Patterns\Moloch\Swing</Filter>
    </ClInclude>
    <ClInclude Include="..\Public\MolochAttack_Swipe.h">
      <Filter>02.GameObjects\Monster\States\Attrack\Attack_Patterns\Moloch\Swipe</Filter>
    </ClInclude>
    <ClInclude Include="..\Public\Fallen_Dog.h">
      <Filter>02.GameObjects\Monster\00. MonsterList\Dog</Filter>
    </ClInclude>
    <ClInclude Include="..\Public\Body_FallenDog.h">
      <Filter>02.GameObjects\Monster\Body\Dog</Filter>
    </ClInclude>
    <ClInclude Include="..\Public\DogAttack_3HitCombo.h">
      <Filter>02.GameObjects\Monster\States\Attrack\Attack_Patterns\FallenDog\3Combo</Filter>
    </ClInclude>
    <ClInclude Include="..\Public\DogAttack_GroundSlam.h">
      <Filter>02.GameObjects\Monster\States\Attrack\Attack_Patterns\FallenDog\GroundSlam</Filter>
    </ClInclude>
    <ClInclude Include="..\Public\DogAttack_Slash.h">
      <Filter>02.GameObjects\Monster\States\Attrack\Attack_Patterns\FallenDog\Slash</Filter>
    </ClInclude>
    <ClInclude Include="..\Public\Crystal.h">
      <Filter>02.GameObjects\Monster\00. MonsterList\Moloch\Weapons\Crystal</Filter>
    </ClInclude>
  </ItemGroup>
  <ItemGroup>
    <Image Include="Client.ico">
      <Filter>98.Default</Filter>
    </Image>
    <Image Include="small.ico">
      <Filter>98.Default</Filter>
    </Image>
  </ItemGroup>
  <ItemGroup>
    <ResourceCompile Include="Client.rc">
      <Filter>98.Default</Filter>
    </ResourceCompile>
  </ItemGroup>
  <ItemGroup>
    <ClCompile Include="Client.cpp">
      <Filter>98.Default</Filter>
    </ClCompile>
    <ClCompile Include="..\Private\MainApp.cpp">
      <Filter>00.MainApp</Filter>
    </ClCompile>
    <ClCompile Include="..\Private\Level_GamePlay.cpp">
      <Filter>01.Levels\GamePlay</Filter>
    </ClCompile>
    <ClCompile Include="..\Private\Level_Logo.cpp">
      <Filter>01.Levels\Logo</Filter>
    </ClCompile>
    <ClCompile Include="..\Private\Level_Loading.cpp">
      <Filter>01.Levels\Loading</Filter>
    </ClCompile>
    <ClCompile Include="..\Private\Loader.cpp">
      <Filter>01.Levels\Loading\Loader</Filter>
    </ClCompile>
    <ClCompile Include="..\Private\BackGround.cpp">
      <Filter>02.GameObjects\BackGround</Filter>
    </ClCompile>
    <ClCompile Include="..\Private\Level_Menu.cpp">
      <Filter>01.Levels\Menu</Filter>
    </ClCompile>
    <ClCompile Include="..\Private\Monster.cpp">
      <Filter>02.GameObjects\Monster</Filter>
    </ClCompile>
    <ClCompile Include="..\Private\Terrain.cpp">
      <Filter>02.GameObjects\Terrain</Filter>
    </ClCompile>
    <ClCompile Include="..\Private\Player.cpp">
      <Filter>02.GameObjects\Player</Filter>
    </ClCompile>
    <ClCompile Include="..\Private\Body_Player.cpp">
      <Filter>02.GameObjects\Player\Body</Filter>
    </ClCompile>
    <ClCompile Include="..\Private\Weapon.cpp">
      <Filter>02.GameObjects\Player\Weapon</Filter>
    </ClCompile>
    <ClCompile Include="..\Private\Camera_Free.cpp">
      <Filter>02.GameObjects\Camera\Free</Filter>
    </ClCompile>
    <ClCompile Include="..\Private\TP_Camera.cpp">
      <Filter>02.GameObjects\Camera\ThridPerson</Filter>
    </ClCompile>
    <ClCompile Include="..\Private\Sky.cpp">
      <Filter>02.GameObjects\Sky</Filter>
    </ClCompile>
    <ClCompile Include="..\Private\StrifeState_Idle.cpp">
      <Filter>02.GameObjects\Player\Strife\Idle</Filter>
    </ClCompile>
    <ClCompile Include="..\Private\StrifeState_Run.cpp">
      <Filter>02.GameObjects\Player\Strife\Run</Filter>
    </ClCompile>
    <ClCompile Include="..\Private\StrifeState_Dash.cpp">
      <Filter>02.GameObjects\Player\Strife\Dash</Filter>
    </ClCompile>
    <ClCompile Include="..\Private\StrifeState_Shoot.cpp">
      <Filter>02.GameObjects\Player\Strife\Shoot</Filter>
    </ClCompile>
    <ClCompile Include="..\Private\Gun_Left.cpp">
      <Filter>02.GameObjects\Player\Weapon\Gun_Left</Filter>
    </ClCompile>
    <ClCompile Include="..\Private\Gun_Right.cpp">
      <Filter>02.GameObjects\Player\Weapon\Gun_Right</Filter>
    </ClCompile>
    <ClCompile Include="..\Private\PlayerState_Test.cpp">
      <Filter>02.GameObjects\Player\States\TemPlate</Filter>
    </ClCompile>
    <ClCompile Include="..\Private\Player_KeyState.cpp">
      <Filter>02.GameObjects\Player\States\PlayerKey_State</Filter>
    </ClCompile>
    <ClCompile Include="..\Private\Map_Object.cpp">
      <Filter>02.GameObjects\Map_Object</Filter>
    </ClCompile>
    <ClCompile Include="..\Private\Bullet.cpp">
      <Filter>02.GameObjects\Player\Weapon\Bullet</Filter>
    </ClCompile>
    <ClCompile Include="..\Private\Snow.cpp">
      <Filter>02.GameObjects\Instancing\Snow</Filter>
    </ClCompile>
    <ClCompile Include="..\Private\MonsterState_Base.cpp">
      <Filter>02.GameObjects\Monster\States\Base</Filter>
    </ClCompile>
    <ClCompile Include="..\Private\MonsterState_Idle.cpp">
      <Filter>02.GameObjects\Monster\States\Idle</Filter>
    </ClCompile>
    <ClCompile Include="..\Private\MonsterState_Hit.cpp">
      <Filter>02.GameObjects\Monster\States\Hit</Filter>
    </ClCompile>
    <ClCompile Include="..\Private\MonsterState_Avoid.cpp">
      <Filter>02.GameObjects\Monster\States\Avoid</Filter>
    </ClCompile>
    <ClCompile Include="..\Private\MonsterState_Attack.cpp">
      <Filter>02.GameObjects\Monster\States\Attrack</Filter>
    </ClCompile>
    <ClCompile Include="..\Private\MonsterState_Dead.cpp">
      <Filter>02.GameObjects\Monster\States\Dead</Filter>
    </ClCompile>
    <ClCompile Include="..\Private\MonsterState_Search.cpp">
      <Filter>02.GameObjects\Monster\States\Search</Filter>
    </ClCompile>
    <ClCompile Include="..\Private\MonsterState_Trace.cpp">
      <Filter>02.GameObjects\Monster\States\MonsterState_Trace</Filter>
    </ClCompile>
    <ClCompile Include="..\Private\Fist_Right.cpp">
      <Filter>02.GameObjects\Monster\Part\Fist\Fist_Right.h</Filter>
    </ClCompile>
    <ClCompile Include="..\Private\Fist_Left.cpp">
      <Filter>02.GameObjects\Monster\Part\Fist\FIst_Left</Filter>
    </ClCompile>
    <ClCompile Include="..\Private\Body_Ghoul.cpp">
      <Filter>02.GameObjects\Monster\Body\Ghoul</Filter>
    </ClCompile>
    <ClCompile Include="..\Private\Body_Monster.cpp">
      <Filter>02.GameObjects\Monster\Body</Filter>
    </ClCompile>
    <ClCompile Include="..\Private\Moloch.cpp">
      <Filter>02.GameObjects\Monster\00. MonsterList\Moloch</Filter>
    </ClCompile>
    <ClCompile Include="..\Private\Body_Moloch.cpp">
      <Filter>02.GameObjects\Monster\Body\Moloch</Filter>
    </ClCompile>
    <ClCompile Include="..\Private\Ghoul.cpp">
      <Filter>02.GameObjects\Monster\00. MonsterList\Ghoul</Filter>
    </ClCompile>
    <ClCompile Include="..\Private\Status.cpp">
      <Filter>03.Component\Status</Filter>
    </ClCompile>
    <ClCompile Include="..\Private\Moloch_Sword.cpp">
      <Filter>02.GameObjects\Monster\00. MonsterList\Moloch\Weapons\Moloch_Sword</Filter>
    </ClCompile>
    <ClCompile Include="..\Private\Attack_Base.cpp">
      <Filter>02.GameObjects\Monster\States\Attrack\Attack_Patterns</Filter>
    </ClCompile>
    <ClCompile Include="..\Private\Attack.cpp">
      <Filter>03.Component\Attack</Filter>
    </ClCompile>
    <ClCompile Include="..\Private\Test_Monster.cpp">
      <Filter>02.GameObjects\Monster\Test_Monster</Filter>
    </ClCompile>
    <ClCompile Include="..\Private\MonsterState_LookOut.cpp">
      <Filter>02.GameObjects\Monster\States\LookOut</Filter>
    </ClCompile>
    <ClCompile Include="..\Private\GhoulAttack_Flurry.cpp">
      <Filter>02.GameObjects\Monster\States\Attrack\Attack_Patterns\Ghoul\Flurry</Filter>
    </ClCompile>
    <ClCompile Include="..\Private\GhoulAttack_DoubleSwipe.cpp">
      <Filter>02.GameObjects\Monster\States\Attrack\Attack_Patterns\Ghoul\DoubleSwipe</Filter>
    </ClCompile>
    <ClCompile Include="..\Private\GhoulAttack_Leaf.cpp">
      <Filter>02.GameObjects\Monster\States\Attrack\Attack_Patterns\Ghoul\Leaf</Filter>
    </ClCompile>
    <ClCompile Include="..\Private\MolochAttack_Swing.cpp">
      <Filter>02.GameObjects\Monster\States\Attrack\Attack_Patterns\Moloch\Swing</Filter>
    </ClCompile>
    <ClCompile Include="..\Private\MolochAttack_Swipe.cpp">
      <Filter>02.GameObjects\Monster\States\Attrack\Attack_Patterns\Moloch\Swipe</Filter>
    </ClCompile>
    <ClCompile Include="..\Private\Fallen_Dog.cpp">
      <Filter>02.GameObjects\Monster\00. MonsterList\Dog</Filter>
    </ClCompile>
    <ClCompile Include="..\Private\Body_FallenDog.cpp">
      <Filter>02.GameObjects\Monster\Body\Dog</Filter>
    </ClCompile>
    <ClCompile Include="..\Private\DogAttack_3HitCombo.cpp">
      <Filter>02.GameObjects\Monster\States\Attrack\Attack_Patterns\FallenDog\3Combo</Filter>
    </ClCompile>
    <ClCompile Include="..\Private\DogAttack_GroundSlam.cpp">
      <Filter>02.GameObjects\Monster\States\Attrack\Attack_Patterns\FallenDog\GroundSlam</Filter>
    </ClCompile>
    <ClCompile Include="..\Private\DogAttack_Slash.cpp">
      <Filter>02.GameObjects\Monster\States\Attrack\Attack_Patterns\FallenDog\Slash</Filter>
    </ClCompile>
    <ClCompile Include="..\Private\Crystal.cpp">
      <Filter>02.GameObjects\Monster\00. MonsterList\Moloch\Weapons\Crystal</Filter>
    </ClCompile>
  </ItemGroup>
  <ItemGroup>
    <Text Include="ReadMe.txt">
      <Filter>98.Default</Filter>
    </Text>
  </ItemGroup>
  <ItemGroup>
    <FxCompile Include="..\Bin\ShaderFiles\Shader_VtxAnim8Mesh.hlsl">
      <Filter>97.ShaderFiles</Filter>
    </FxCompile>
    <FxCompile Include="..\Bin\ShaderFiles\Shader_VtxAnimMesh.hlsl">
      <Filter>97.ShaderFiles</Filter>
    </FxCompile>
    <FxCompile Include="..\Bin\ShaderFiles\Shader_VtxCube.hlsl">
      <Filter>97.ShaderFiles</Filter>
    </FxCompile>
    <FxCompile Include="..\Bin\ShaderFiles\Shader_VtxMesh.hlsl">
      <Filter>97.ShaderFiles</Filter>
    </FxCompile>
    <FxCompile Include="..\Bin\ShaderFiles\Shader_VtxNorTex.hlsl">
      <Filter>97.ShaderFiles</Filter>
    </FxCompile>
    <FxCompile Include="..\Bin\ShaderFiles\Shader_VtxPosTex.hlsl">
      <Filter>97.ShaderFiles</Filter>
    </FxCompile>
    <FxCompile Include="..\Bin\ShaderFiles\Shader_VtxRectParticle.hlsl">
      <Filter>97.ShaderFiles</Filter>
    </FxCompile>
  </ItemGroup>
</Project>